<?xml version="1.0" encoding="utf-8"?>
<Project ToolsVersion="4.0" xmlns="http://schemas.microsoft.com/developer/msbuild/2003">
  <ItemGroup>
    <Filter Include="Исходные файлы">
      <UniqueIdentifier>{4FC737F1-C7A5-4376-A066-2A32D752A2FF}</UniqueIdentifier>
      <Extensions>cpp;c;cc;cxx;def;odl;idl;hpj;bat;asm;asmx</Extensions>
    </Filter>
    <Filter Include="Файлы заголовков">
      <UniqueIdentifier>{93995380-89BD-4b04-88EB-625FBE52EBFB}</UniqueIdentifier>
      <Extensions>h;hh;hpp;hxx;hm;inl;inc;xsd</Extensions>
    </Filter>
    <Filter Include="Файлы ресурсов">
      <UniqueIdentifier>{67DA6AB6-F800-4c08-8B7A-83BB121AAD01}</UniqueIdentifier>
      <Extensions>rc;ico;cur;bmp;dlg;rc2;rct;bin;rgs;gif;jpg;jpeg;jpe;resx;tiff;tif;png;wav;mfcribbon-ms</Extensions>
    </Filter>
    <Filter Include="Help">
      <UniqueIdentifier>{e920ffc0-58c3-41f5-82d4-050fc5c09ff4}</UniqueIdentifier>
    </Filter>
  </ItemGroup>
  <ItemGroup>
    <ClCompile Include="Main.cpp">
      <Filter>Исходные файлы</Filter>
    </ClCompile>
    <ClCompile Include="Bass_Manager.cpp">
      <Filter>Исходные файлы</Filter>
    </ClCompile>
    <ClCompile Include="Window_Manager.cpp">
      <Filter>Исходные файлы</Filter>
    </ClCompile>
    <ClCompile Include="BitMapImage.cpp">
      <Filter>Исходные файлы</Filter>
    </ClCompile>
    <ClCompile Include="TrackBar.cpp">
      <Filter>Файлы заголовков</Filter>
    </ClCompile>
  </ItemGroup>
  <ItemGroup>
    <ClInclude Include="Bass_Manager.h">
      <Filter>Файлы заголовков</Filter>
    </ClInclude>
    <ClInclude Include="CW_Header.h">
      <Filter>Файлы заголовков</Filter>
    </ClInclude>
    <ClInclude Include="Window_Manager.h">
      <Filter>Файлы заголовков</Filter>
    </ClInclude>
    <ClInclude Include="BitMapImage.h">
      <Filter>Файлы заголовков</Filter>
    </ClInclude>
    <ClInclude Include="TrackBar.h">
      <Filter>Исходные файлы</Filter>
    </ClInclude>
  </ItemGroup>
  <ItemGroup>
    <None Include="packages.config" />
    <None Include="Help\bass_fx.chm">
      <Filter>Help</Filter>
    </None>
    <None Include="Help\basswv.chm">
      <Filter>Help</Filter>
    </None>
    <None Include="Help\basswma.chm">
      <Filter>Help</Filter>
    </None>
    <None Include="Help\basswasapi.chm">
      <Filter>Help</Filter>
    </None>
    <None Include="Help\bassopus.chm">
      <Filter>Help</Filter>
    </None>
    <None Include="Help\bassmix.chm">
      <Filter>Help</Filter>
    </None>
    <None Include="Help\bassmidi.chm">
      <Filter>Help</Filter>
    </None>
    <None Include="Help\basshls.chm">
      <Filter>Help</Filter>
    </None>
    <None Include="Help\bassflac.chm">
      <Filter>Help</Filter>
    </None>
    <None Include="Help\bassenc_opus.chm">
      <Filter>Help</Filter>
    </None>
    <None Include="Help\bassenc_ogg.chm">
      <Filter>Help</Filter>
    </None>
    <None Include="Help\bassenc.chm">
      <Filter>Help</Filter>
    </None>
    <None Include="Help\bassdsd.chm">
      <Filter>Help</Filter>
    </None>
    <None Include="Help\basscd.chm">
      <Filter>Help</Filter>
    </None>
    <None Include="Help\bassalac.chm">
      <Filter>Help</Filter>
    </None>
    <None Include="Help\bass.chm">
      <Filter>Help</Filter>
    </None>
  </ItemGroup>
  <ItemGroup>
    <Text Include="Help\tags-readme.txt">
      <Filter>Help</Filter>
    </Text>
    <Text Include="Help\bass_wadsp.txt">
      <Filter>Help</Filter>
    </Text>
    <Text Include="Help\BASS_VST.TXT">
      <Filter>Help</Filter>
    </Text>
    <Text Include="Help\BASS_TTA.txt">
      <Filter>Help</Filter>
    </Text>
    <Text Include="Help\BASS_SPX.txt">
      <Filter>Help</Filter>
    </Text>
    <Text Include="Help\BASS_OFR.txt">
      <Filter>Help</Filter>
    </Text>
    <Text Include="Help\BASS_MPC.txt">
      <Filter>Help</Filter>
    </Text>
    <Text Include="Help\BASS_APE.txt">
      <Filter>Help</Filter>
    </Text>
    <Text Include="Help\bass_adx.txt">
      <Filter>Help</Filter>
    </Text>
    <Text Include="Help\BASS_AC3.txt">
      <Filter>Help</Filter>
    </Text>
    <Text Include="Help\BASS_AAC.txt">
      <Filter>Help</Filter>
    </Text>
    <Text Include="Help\basszxtune.txt">
      <Filter>Help</Filter>
    </Text>
    <Text Include="Help\BassWinamp.txt">
      <Filter>Help</Filter>
    </Text>
  </ItemGroup>
</Project>